
Microsoft Visual Studio Solution File, Format Version 12.00
# Visual Studio Version 17
VisualStudioVersion = 17.8.34330.188
MinimumVisualStudioVersion = 10.0.40219.1
Project("{FAE04EC0-301F-11D3-BF4B-00C04F79EFBC}") = "OOP", "OOP\OOP.csproj", "{7FD29C7E-2A2D-4EF2-A68F-20E2066ADEC2}"
EndProject
Global
	GlobalSection(SolutionConfigurationPlatforms) = preSolution
		Debug|Any CPU = Debug|Any CPU
		Release|Any CPU = Release|Any CPU
	EndGlobalSection
	GlobalSection(ProjectConfigurationPlatforms) = postSolution
		{7FD29C7E-2A2D-4EF2-A68F-20E2066ADEC2}.Debug|Any CPU.ActiveCfg = Debug|Any CPU
		{7FD29C7E-2A2D-4EF2-A68F-20E2066ADEC2}.Debug|Any CPU.Build.0 = Debug|Any CPU
		{7FD29C7E-2A2D-4EF2-A68F-20E2066ADEC2}.Release|Any CPU.ActiveCfg = Release|Any CPU
		{7FD29C7E-2A2D-4EF2-A68F-20E2066ADEC2}.Release|Any CPU.Build.0 = Release|Any CPU
	EndGlobalSection
	GlobalSection(SolutionProperties) = preSolution
		HideSolutionNode = FALSE
	EndGlobalSection
	GlobalSection(ExtensibilityGlobals) = postSolution
		SolutionGuid = {56FC40AE-D0AB-446C-A340-60B0F2102898}
	EndGlobalSection
EndGlobal
