
Microsoft Visual Studio Solution File, Format Version 12.00
# Visual Studio Version 17
VisualStudioVersion = 17.8.34330.188
MinimumVisualStudioVersion = 10.0.40219.1
Project("{FAE04EC0-301F-11D3-BF4B-00C04F79EFBC}") = "CigarParty", "CigarParty\CigarParty.csproj", "{7116D897-6BB5-49A7-B299-7F7AB9B7DF87}"
EndProject
Project("{FAE04EC0-301F-11D3-BF4B-00C04F79EFBC}") = "DateFashion", "DateFashion\DateFashion.csproj", "{7827E820-548A-4317-B1D1-F0237EFCE08F}"
EndProject
Project("{FAE04EC0-301F-11D3-BF4B-00C04F79EFBC}") = "SquirrelPlay", "SquirrelPlay\SquirrelPlay.csproj", "{54993A11-C339-48EF-B4E2-0122674E7F5F}"
EndProject
Project("{FAE04EC0-301F-11D3-BF4B-00C04F79EFBC}") = "BlueTicket", "BlueTicket\BlueTicket.csproj", "{21B75FFB-463D-4EB4-AB06-AE96719DF3CB}"
EndProject
Project("{FAE04EC0-301F-11D3-BF4B-00C04F79EFBC}") = "ShareDigit", "ShareDigit\ShareDigit.csproj", "{12D83A0D-62DB-4528-ABE6-CB1F18D58020}"
EndProject
Project("{FAE04EC0-301F-11D3-BF4B-00C04F79EFBC}") = "SumLimit", "ConsoleApp1\SumLimit.csproj", "{E7DC847D-2B67-41B4-979D-89ADBB5812F0}"
EndProject
Global
	GlobalSection(SolutionConfigurationPlatforms) = preSolution
		Debug|Any CPU = Debug|Any CPU
		Release|Any CPU = Release|Any CPU
	EndGlobalSection
	GlobalSection(ProjectConfigurationPlatforms) = postSolution
		{7116D897-6BB5-49A7-B299-7F7AB9B7DF87}.Debug|Any CPU.ActiveCfg = Debug|Any CPU
		{7116D897-6BB5-49A7-B299-7F7AB9B7DF87}.Debug|Any CPU.Build.0 = Debug|Any CPU
		{7116D897-6BB5-49A7-B299-7F7AB9B7DF87}.Release|Any CPU.ActiveCfg = Release|Any CPU
		{7116D897-6BB5-49A7-B299-7F7AB9B7DF87}.Release|Any CPU.Build.0 = Release|Any CPU
		{7827E820-548A-4317-B1D1-F0237EFCE08F}.Debug|Any CPU.ActiveCfg = Debug|Any CPU
		{7827E820-548A-4317-B1D1-F0237EFCE08F}.Debug|Any CPU.Build.0 = Debug|Any CPU
		{7827E820-548A-4317-B1D1-F0237EFCE08F}.Release|Any CPU.ActiveCfg = Release|Any CPU
		{7827E820-548A-4317-B1D1-F0237EFCE08F}.Release|Any CPU.Build.0 = Release|Any CPU
		{54993A11-C339-48EF-B4E2-0122674E7F5F}.Debug|Any CPU.ActiveCfg = Debug|Any CPU
		{54993A11-C339-48EF-B4E2-0122674E7F5F}.Debug|Any CPU.Build.0 = Debug|Any CPU
		{54993A11-C339-48EF-B4E2-0122674E7F5F}.Release|Any CPU.ActiveCfg = Release|Any CPU
		{54993A11-C339-48EF-B4E2-0122674E7F5F}.Release|Any CPU.Build.0 = Release|Any CPU
		{21B75FFB-463D-4EB4-AB06-AE96719DF3CB}.Debug|Any CPU.ActiveCfg = Debug|Any CPU
		{21B75FFB-463D-4EB4-AB06-AE96719DF3CB}.Debug|Any CPU.Build.0 = Debug|Any CPU
		{21B75FFB-463D-4EB4-AB06-AE96719DF3CB}.Release|Any CPU.ActiveCfg = Release|Any CPU
		{21B75FFB-463D-4EB4-AB06-AE96719DF3CB}.Release|Any CPU.Build.0 = Release|Any CPU
		{12D83A0D-62DB-4528-ABE6-CB1F18D58020}.Debug|Any CPU.ActiveCfg = Debug|Any CPU
		{12D83A0D-62DB-4528-ABE6-CB1F18D58020}.Debug|Any CPU.Build.0 = Debug|Any CPU
		{12D83A0D-62DB-4528-ABE6-CB1F18D58020}.Release|Any CPU.ActiveCfg = Release|Any CPU
		{12D83A0D-62DB-4528-ABE6-CB1F18D58020}.Release|Any CPU.Build.0 = Release|Any CPU
		{E7DC847D-2B67-41B4-979D-89ADBB5812F0}.Debug|Any CPU.ActiveCfg = Debug|Any CPU
		{E7DC847D-2B67-41B4-979D-89ADBB5812F0}.Debug|Any CPU.Build.0 = Debug|Any CPU
		{E7DC847D-2B67-41B4-979D-89ADBB5812F0}.Release|Any CPU.ActiveCfg = Release|Any CPU
		{E7DC847D-2B67-41B4-979D-89ADBB5812F0}.Release|Any CPU.Build.0 = Release|Any CPU
	EndGlobalSection
	GlobalSection(SolutionProperties) = preSolution
		HideSolutionNode = FALSE
	EndGlobalSection
	GlobalSection(ExtensibilityGlobals) = postSolution
		SolutionGuid = {5125A6E9-680B-4A69-B443-5E68C19EC6E5}
	EndGlobalSection
EndGlobal
